
Microsoft Visual Studio Solution File, Format Version 12.00
# Visual Studio Version 16
VisualStudioVersion = 16.0.29424.173
MinimumVisualStudioVersion = 10.0.40219.1
Project("{9A19103F-16F7-4668-BE54-9A1E7A4F7556}") = "BlazorApp", "BlazorApp\BlazorApp.csproj", "{D6D83D37-8947-4D88-94EE-C23B4DC70416}"
EndProject
Global
	GlobalSection(SolutionConfigurationPlatforms) = preSolution
		Debug|Any CPU = Debug|Any CPU
		Release|Any CPU = Release|Any CPU
	EndGlobalSection
	GlobalSection(ProjectConfigurationPlatforms) = postSolution
		{D6D83D37-8947-4D88-94EE-C23B4DC70416}.Debug|Any CPU.ActiveCfg = Debug|Any CPU
		{D6D83D37-8947-4D88-94EE-C23B4DC70416}.Debug|Any CPU.Build.0 = Debug|Any CPU
		{D6D83D37-8947-4D88-94EE-C23B4DC70416}.Release|Any CPU.ActiveCfg = Release|Any CPU
		{D6D83D37-8947-4D88-94EE-C23B4DC70416}.Release|Any CPU.Build.0 = Release|Any CPU
	EndGlobalSection
	GlobalSection(SolutionProperties) = preSolution
		HideSolutionNode = FALSE
	EndGlobalSection
	GlobalSection(ExtensibilityGlobals) = postSolution
		SolutionGuid = {DDBF197F-4E8C-42F9-BFF2-22D67E5BB7C7}
	EndGlobalSection
EndGlobal
